
Microsoft Visual Studio Solution File, Format Version 12.00
# Visual Studio Version 17
VisualStudioVersion = 17.3.32922.545
MinimumVisualStudioVersion = 10.0.40219.1
Project("{2150E333-8FDC-42A3-9474-1A3956D46DE8}") = "Documentation", "Documentation", "{43028314-53C0-4AD6-9840-D8031778574B}"
	ProjectSection(SolutionItems) = preProject
		README.md = README.md
	EndProjectSection
EndProject
Project("{FAE04EC0-301F-11D3-BF4B-00C04F79EFBC}") = "TraderaWebService", "TraderaWebService\TraderaWebService.csproj", "{70BA9298-588E-4103-84E4-22A3A4C7A405}"
EndProject
Project("{FAE04EC0-301F-11D3-BF4B-00C04F79EFBC}") = "TraderaWebService.Test", "TraderaWebService.Test\TraderaWebService.Test.csproj", "{D9F0BF25-CAA0-4D64-9EA5-9650E32D243F}"
EndProject
Global
	GlobalSection(SolutionConfigurationPlatforms) = preSolution
		Debug|Any CPU = Debug|Any CPU
		Release|Any CPU = Release|Any CPU
	EndGlobalSection
	GlobalSection(ProjectConfigurationPlatforms) = postSolution
		{70BA9298-588E-4103-84E4-22A3A4C7A405}.Debug|Any CPU.ActiveCfg = Debug|Any CPU
		{70BA9298-588E-4103-84E4-22A3A4C7A405}.Debug|Any CPU.Build.0 = Debug|Any CPU
		{70BA9298-588E-4103-84E4-22A3A4C7A405}.Release|Any CPU.ActiveCfg = Release|Any CPU
		{70BA9298-588E-4103-84E4-22A3A4C7A405}.Release|Any CPU.Build.0 = Release|Any CPU
		{D9F0BF25-CAA0-4D64-9EA5-9650E32D243F}.Debug|Any CPU.ActiveCfg = Debug|Any CPU
		{D9F0BF25-CAA0-4D64-9EA5-9650E32D243F}.Debug|Any CPU.Build.0 = Debug|Any CPU
		{D9F0BF25-CAA0-4D64-9EA5-9650E32D243F}.Release|Any CPU.ActiveCfg = Release|Any CPU
		{D9F0BF25-CAA0-4D64-9EA5-9650E32D243F}.Release|Any CPU.Build.0 = Release|Any CPU
	EndGlobalSection
	GlobalSection(SolutionProperties) = preSolution
		HideSolutionNode = FALSE
	EndGlobalSection
	GlobalSection(ExtensibilityGlobals) = postSolution
		SolutionGuid = {5563E518-5D6E-4482-BAAB-8A1801B42DD1}
	EndGlobalSection
EndGlobal
